
Microsoft Visual Studio Solution File, Format Version 12.00
# Visual Studio Version 17
VisualStudioVersion = 17.0.31903.59
MinimumVisualStudioVersion = 10.0.40219.1
Project("{FAE04EC0-301F-11D3-BF4B-00C04F79EFBC}") = "ProjectData", "ProjectData\ProjectData.csproj", "{DF14C996-C975-4294-A73A-521FB3A6A305}"
EndProject
Project("{FAE04EC0-301F-11D3-BF4B-00C04F79EFBC}") = "ProjectBusiness", "ProjectBusiness\ProjectBusiness.csproj", "{6094F7E5-C453-4BE8-9E75-DCCC4521087C}"
EndProject
Project("{FAE04EC0-301F-11D3-BF4B-00C04F79EFBC}") = "ProjectCS", "ProjectCS\ProjectCS.csproj", "{CF440CDF-5DFF-48B3-AC43-A8288F72DDCD}"
EndProject
Global
	GlobalSection(SolutionConfigurationPlatforms) = preSolution
		Debug|Any CPU = Debug|Any CPU
		Release|Any CPU = Release|Any CPU
	EndGlobalSection
	GlobalSection(ProjectConfigurationPlatforms) = postSolution
		{DF14C996-C975-4294-A73A-521FB3A6A305}.Debug|Any CPU.ActiveCfg = Debug|Any CPU
		{DF14C996-C975-4294-A73A-521FB3A6A305}.Debug|Any CPU.Build.0 = Debug|Any CPU
		{DF14C996-C975-4294-A73A-521FB3A6A305}.Release|Any CPU.ActiveCfg = Release|Any CPU
		{DF14C996-C975-4294-A73A-521FB3A6A305}.Release|Any CPU.Build.0 = Release|Any CPU
		{6094F7E5-C453-4BE8-9E75-DCCC4521087C}.Debug|Any CPU.ActiveCfg = Debug|Any CPU
		{6094F7E5-C453-4BE8-9E75-DCCC4521087C}.Debug|Any CPU.Build.0 = Debug|Any CPU
		{6094F7E5-C453-4BE8-9E75-DCCC4521087C}.Release|Any CPU.ActiveCfg = Release|Any CPU
		{6094F7E5-C453-4BE8-9E75-DCCC4521087C}.Release|Any CPU.Build.0 = Release|Any CPU
		{CF440CDF-5DFF-48B3-AC43-A8288F72DDCD}.Debug|Any CPU.ActiveCfg = Debug|Any CPU
		{CF440CDF-5DFF-48B3-AC43-A8288F72DDCD}.Debug|Any CPU.Build.0 = Debug|Any CPU
		{CF440CDF-5DFF-48B3-AC43-A8288F72DDCD}.Release|Any CPU.ActiveCfg = Release|Any CPU
		{CF440CDF-5DFF-48B3-AC43-A8288F72DDCD}.Release|Any CPU.Build.0 = Release|Any CPU
	EndGlobalSection
	GlobalSection(SolutionProperties) = preSolution
		HideSolutionNode = FALSE
	EndGlobalSection
EndGlobal
